
Microsoft Visual Studio Solution File, Format Version 12.00
# Visual Studio Version 17
VisualStudioVersion = 17.13.35931.197 d17.13
MinimumVisualStudioVersion = 10.0.40219.1
Project("{FAE04EC0-301F-11D3-BF4B-00C04F79EFBC}") = "RestAPI", "RestAPI\RestAPI.csproj", "{C082EA4F-4E2E-42CF-A231-0F5258D8D6D1}"
EndProject
Project("{FAE04EC0-301F-11D3-BF4B-00C04F79EFBC}") = "App", "App\App.csproj", "{BD7D69F8-E64C-4E60-B830-34B505FD61CE}"
EndProject
Project("{FAE04EC0-301F-11D3-BF4B-00C04F79EFBC}") = "CommonCore", "CommonCore\CommonCore.csproj", "{50442283-290A-48F4-9943-3714AE81419D}"
EndProject
Project("{FAE04EC0-301F-11D3-BF4B-00C04F79EFBC}") = "Tests", "Tests\Tests.csproj", "{B7B5C98B-7B9B-4577-9FF1-1D58F1A6C665}"
EndProject
Global
	GlobalSection(SolutionConfigurationPlatforms) = preSolution
		Debug|Any CPU = Debug|Any CPU
		Release|Any CPU = Release|Any CPU
	EndGlobalSection
	GlobalSection(ProjectConfigurationPlatforms) = postSolution
		{C082EA4F-4E2E-42CF-A231-0F5258D8D6D1}.Debug|Any CPU.ActiveCfg = Debug|Any CPU
		{C082EA4F-4E2E-42CF-A231-0F5258D8D6D1}.Debug|Any CPU.Build.0 = Debug|Any CPU
		{C082EA4F-4E2E-42CF-A231-0F5258D8D6D1}.Release|Any CPU.ActiveCfg = Release|Any CPU
		{C082EA4F-4E2E-42CF-A231-0F5258D8D6D1}.Release|Any CPU.Build.0 = Release|Any CPU
		{BD7D69F8-E64C-4E60-B830-34B505FD61CE}.Debug|Any CPU.ActiveCfg = Debug|Any CPU
		{BD7D69F8-E64C-4E60-B830-34B505FD61CE}.Debug|Any CPU.Build.0 = Debug|Any CPU
		{BD7D69F8-E64C-4E60-B830-34B505FD61CE}.Release|Any CPU.ActiveCfg = Release|Any CPU
		{BD7D69F8-E64C-4E60-B830-34B505FD61CE}.Release|Any CPU.Build.0 = Release|Any CPU
		{50442283-290A-48F4-9943-3714AE81419D}.Debug|Any CPU.ActiveCfg = Debug|Any CPU
		{50442283-290A-48F4-9943-3714AE81419D}.Debug|Any CPU.Build.0 = Debug|Any CPU
		{50442283-290A-48F4-9943-3714AE81419D}.Release|Any CPU.ActiveCfg = Release|Any CPU
		{50442283-290A-48F4-9943-3714AE81419D}.Release|Any CPU.Build.0 = Release|Any CPU
		{B7B5C98B-7B9B-4577-9FF1-1D58F1A6C665}.Debug|Any CPU.ActiveCfg = Debug|Any CPU
		{B7B5C98B-7B9B-4577-9FF1-1D58F1A6C665}.Debug|Any CPU.Build.0 = Debug|Any CPU
		{B7B5C98B-7B9B-4577-9FF1-1D58F1A6C665}.Release|Any CPU.ActiveCfg = Release|Any CPU
		{B7B5C98B-7B9B-4577-9FF1-1D58F1A6C665}.Release|Any CPU.Build.0 = Release|Any CPU
	EndGlobalSection
	GlobalSection(SolutionProperties) = preSolution
		HideSolutionNode = FALSE
	EndGlobalSection
	GlobalSection(ExtensibilityGlobals) = postSolution
		SolutionGuid = {95982DEE-8F81-4C2A-8BA7-85A57FEF7B26}
	EndGlobalSection
EndGlobal
